
Microsoft Visual Studio Solution File, Format Version 12.00
# Visual Studio Version 16
VisualStudioVersion = 16.0.30711.63
MinimumVisualStudioVersion = 10.0.40219.1
Project("{FAE04EC0-301F-11D3-BF4B-00C04F79EFBC}") = "Form_Cad_Jogos", "Form_Cad_Jogos.csproj", "{04A82CD1-0384-492F-A771-2BC94709E525}"
EndProject
Global
	GlobalSection(SolutionConfigurationPlatforms) = preSolution
		Debug|Any CPU = Debug|Any CPU
		Release|Any CPU = Release|Any CPU
	EndGlobalSection
	GlobalSection(ProjectConfigurationPlatforms) = postSolution
		{04A82CD1-0384-492F-A771-2BC94709E525}.Debug|Any CPU.ActiveCfg = Debug|Any CPU
		{04A82CD1-0384-492F-A771-2BC94709E525}.Debug|Any CPU.Build.0 = Debug|Any CPU
		{04A82CD1-0384-492F-A771-2BC94709E525}.Release|Any CPU.ActiveCfg = Release|Any CPU
		{04A82CD1-0384-492F-A771-2BC94709E525}.Release|Any CPU.Build.0 = Release|Any CPU
	EndGlobalSection
	GlobalSection(SolutionProperties) = preSolution
		HideSolutionNode = FALSE
	EndGlobalSection
	GlobalSection(ExtensibilityGlobals) = postSolution
		SolutionGuid = {A5465944-4B66-4AD9-81EF-078E1797CF0E}
	EndGlobalSection
EndGlobal
